
Microsoft Visual Studio Solution File, Format Version 12.00
# Visual Studio Version 16
VisualStudioVersion = 16.0.34031.81
MinimumVisualStudioVersion = 10.0.40219.1
Project("{8BC9CEB8-8B4A-11D0-8D11-00A0C91BC942}") = "Project_20171169", "Project_20171169.vcxproj", "{57408414-2042-448D-AAB1-95275D0A308C}"
EndProject
Global
	GlobalSection(SolutionConfigurationPlatforms) = preSolution
		Debug|x64 = Debug|x64
		Debug|x86 = Debug|x86
		Release|x64 = Release|x64
		Release|x86 = Release|x86
	EndGlobalSection
	GlobalSection(ProjectConfigurationPlatforms) = postSolution
		{57408414-2042-448D-AAB1-95275D0A308C}.Debug|x64.ActiveCfg = Debug|x64
		{57408414-2042-448D-AAB1-95275D0A308C}.Debug|x64.Build.0 = Debug|x64
		{57408414-2042-448D-AAB1-95275D0A308C}.Debug|x86.ActiveCfg = Debug|Win32
		{57408414-2042-448D-AAB1-95275D0A308C}.Debug|x86.Build.0 = Debug|Win32
		{57408414-2042-448D-AAB1-95275D0A308C}.Release|x64.ActiveCfg = Release|x64
		{57408414-2042-448D-AAB1-95275D0A308C}.Release|x64.Build.0 = Release|x64
		{57408414-2042-448D-AAB1-95275D0A308C}.Release|x86.ActiveCfg = Release|Win32
		{57408414-2042-448D-AAB1-95275D0A308C}.Release|x86.Build.0 = Release|Win32
	EndGlobalSection
	GlobalSection(SolutionProperties) = preSolution
		HideSolutionNode = FALSE
	EndGlobalSection
	GlobalSection(ExtensibilityGlobals) = postSolution
		SolutionGuid = {FE556F08-F31C-4388-B3C3-3B94EDCA2C24}
	EndGlobalSection
EndGlobal
